// !$*UTF8*$!
{
	archiveVersion = 1;
	classes = {
	};
	objectVersion = 50;
	objects = {

/* Begin PBXBuildFile section */
		FAD25A25211A018A007B6338 /* AppDelegate.swift in Sources */ = {isa = PBXBuildFile; fileRef = FAD25A24211A018A007B6338 /* AppDelegate.swift */; };
		FAD25A2A211A018A007B6338 /* Main.storyboard in Resources */ = {isa = PBXBuildFile; fileRef = FAD25A28211A018A007B6338 /* Main.storyboard */; };
		FAD25A2C211A018D007B6338 /* Assets.xcassets in Resources */ = {isa = PBXBuildFile; fileRef = FAD25A2B211A018D007B6338 /* Assets.xcassets */; };
		FAD25A2F211A018D007B6338 /* LaunchScreen.storyboard in Resources */ = {isa = PBXBuildFile; fileRef = FAD25A2D211A018D007B6338 /* LaunchScreen.storyboard */; };
		FAD25A3A211A0A27007B6338 /* MenuController.swift in Sources */ = {isa = PBXBuildFile; fileRef = FAD25A39211A0A27007B6338 /* MenuController.swift */; };
		FAD25A3C211A0A91007B6338 /* ALaCarteController.swift in Sources */ = {isa = PBXBuildFile; fileRef = FAD25A3B211A0A91007B6338 /* ALaCarteController.swift */; };
		FAD25A3E211A0BFF007B6338 /* MonTabBar.swift in Sources */ = {isa = PBXBuildFile; fileRef = FAD25A3D211A0BFF007B6338 /* MonTabBar.swift */; };
		FAD25A41211A0C59007B6338 /* Constante.swift in Sources */ = {isa = PBXBuildFile; fileRef = FAD25A40211A0C59007B6338 /* Constante.swift */; };
/* End PBXBuildFile section */

/* Begin PBXFileReference section */
		FAD25A21211A018A007B6338 /* MonRestoDuMonde.app */ = {isa = PBXFileReference; explicitFileType = wrapper.application; includeInIndex = 0; path = MonRestoDuMonde.app; sourceTree = BUILT_PRODUCTS_DIR; };
		FAD25A24211A018A007B6338 /* AppDelegate.swift */ = {isa = PBXFileReference; lastKnownFileType = sourcecode.swift; path = AppDelegate.swift; sourceTree = "<group>"; };
		FAD25A29211A018A007B6338 /* Base */ = {isa = PBXFileReference; lastKnownFileType = file.storyboard; name = Base; path = Base.lproj/Main.storyboard; sourceTree = "<group>"; };
		FAD25A2B211A018D007B6338 /* Assets.xcassets */ = {isa = PBXFileReference; lastKnownFileType = folder.assetcatalog; path = Assets.xcassets; sourceTree = "<group>"; };
		FAD25A2E211A018D007B6338 /* Base */ = {isa = PBXFileReference; lastKnownFileType = file.storyboard; name = Base; path = Base.lproj/LaunchScreen.storyboard; sourceTree = "<group>"; };
		FAD25A30211A018D007B6338 /* Info.plist */ = {isa = PBXFileReference; lastKnownFileType = text.plist.xml; path = Info.plist; sourceTree = "<group>"; };
		FAD25A39211A0A27007B6338 /* MenuController.swift */ = {isa = PBXFileReference; lastKnownFileType = sourcecode.swift; path = MenuController.swift; sourceTree = "<group>"; };
		FAD25A3B211A0A91007B6338 /* ALaCarteController.swift */ = {isa = PBXFileReference; lastKnownFileType = sourcecode.swift; path = ALaCarteController.swift; sourceTree = "<group>"; };
		FAD25A3D211A0BFF007B6338 /* MonTabBar.swift */ = {isa = PBXFileReference; lastKnownFileType = sourcecode.swift; path = MonTabBar.swift; sourceTree = "<group>"; };
		FAD25A40211A0C59007B6338 /* Constante.swift */ = {isa = PBXFileReference; lastKnownFileType = sourcecode.swift; path = Constante.swift; sourceTree = "<group>"; };
/* End PBXFileReference section */

/* Begin PBXFrameworksBuildPhase section */
		FAD25A1E211A018A007B6338 /* Frameworks */ = {
			isa = PBXFrameworksBuildPhase;
			buildActionMask = 2147483647;
			files = (
			);
			runOnlyForDeploymentPostprocessing = 0;
		};
/* End PBXFrameworksBuildPhase section */

/* Begin PBXGroup section */
		FAD25A18211A018A007B6338 = {
			isa = PBXGroup;
			children = (
				FAD25A23211A018A007B6338 /* MonRestoDuMonde */,
				FAD25A22211A018A007B6338 /* Products */,
			);
			sourceTree = "<group>";
		};
		FAD25A22211A018A007B6338 /* Products */ = {
			isa = PBXGroup;
			children = (
				FAD25A21211A018A007B6338 /* MonRestoDuMonde.app */,
			);
			name = Products;
			sourceTree = "<group>";
		};
		FAD25A23211A018A007B6338 /* MonRestoDuMonde */ = {
			isa = PBXGroup;
			children = (
				FAD25A3F211A0C3C007B6338 /* Utilitaire */,
				FAD25A36211A09BD007B6338 /* Modele */,
				FAD25A37211A09C7007B6338 /* Vue */,
				FAD25A38211A09CC007B6338 /* Controlleur */,
				FAD25A24211A018A007B6338 /* AppDelegate.swift */,
				FAD25A28211A018A007B6338 /* Main.storyboard */,
				FAD25A2B211A018D007B6338 /* Assets.xcassets */,
				FAD25A2D211A018D007B6338 /* LaunchScreen.storyboard */,
				FAD25A30211A018D007B6338 /* Info.plist */,
			);
			path = MonRestoDuMonde;
			sourceTree = "<group>";
		};
		FAD25A36211A09BD007B6338 /* Modele */ = {
			isa = PBXGroup;
			children = (
			);
			path = Modele;
			sourceTree = "<group>";
		};
		FAD25A37211A09C7007B6338 /* Vue */ = {
			isa = PBXGroup;
			children = (
			);
			path = Vue;
			sourceTree = "<group>";
		};
		FAD25A38211A09CC007B6338 /* Controlleur */ = {
			isa = PBXGroup;
			children = (
				FAD25A39211A0A27007B6338 /* MenuController.swift */,
				FAD25A3B211A0A91007B6338 /* ALaCarteController.swift */,
				FAD25A3D211A0BFF007B6338 /* MonTabBar.swift */,
			);
			path = Controlleur;
			sourceTree = "<group>";
		};
		FAD25A3F211A0C3C007B6338 /* Utilitaire */ = {
			isa = PBXGroup;
			children = (
				FAD25A40211A0C59007B6338 /* Constante.swift */,
			);
			path = Utilitaire;
			sourceTree = "<group>";
		};
/* End PBXGroup section */

/* Begin PBXNativeTarget section */
		FAD25A20211A018A007B6338 /* MonRestoDuMonde */ = {
			isa = PBXNativeTarget;
			buildConfigurationList = FAD25A33211A018D007B6338 /* Build configuration list for PBXNativeTarget "MonRestoDuMonde" */;
			buildPhases = (
				FAD25A1D211A018A007B6338 /* Sources */,
				FAD25A1E211A018A007B6338 /* Frameworks */,
				FAD25A1F211A018A007B6338 /* Resources */,
			);
			buildRules = (
			);
			dependencies = (
			);
			name = MonRestoDuMonde;
			productName = MonRestoDuMonde;
			productReference = FAD25A21211A018A007B6338 /* MonRestoDuMonde.app */;
			productType = "com.apple.product-type.application";
		};
/* End PBXNativeTarget section */

/* Begin PBXProject section */
		FAD25A19211A018A007B6338 /* Project object */ = {
			isa = PBXProject;
			attributes = {
				LastSwiftUpdateCheck = 0940;
				LastUpgradeCheck = 0940;
				ORGANIZATIONNAME = "Alex BURY";
				TargetAttributes = {
					FAD25A20211A018A007B6338 = {
						CreatedOnToolsVersion = 9.4.1;
					};
				};
			};
			buildConfigurationList = FAD25A1C211A018A007B6338 /* Build configuration list for PBXProject "MonRestoDuMonde" */;
			compatibilityVersion = "Xcode 9.3";
			developmentRegion = en;
			hasScannedForEncodings = 0;
			knownRegions = (
				en,
				Base,
			);
			mainGroup = FAD25A18211A018A007B6338;
			productRefGroup = FAD25A22211A018A007B6338 /* Products */;
			projectDirPath = "";
			projectRoot = "";
			targets = (
				FAD25A20211A018A007B6338 /* MonRestoDuMonde */,
			);
		};
/* End PBXProject section */

/* Begin PBXResourcesBuildPhase section */
		FAD25A1F211A018A007B6338 /* Resources */ = {
			isa = PBXResourcesBuildPhase;
			buildActionMask = 2147483647;
			files = (
				FAD25A2F211A018D007B6338 /* LaunchScreen.storyboard in Resources */,
				FAD25A2C211A018D007B6338 /* Assets.xcassets in Resources */,
				FAD25A2A211A018A007B6338 /* Main.storyboard in Resources */,
			);
			runOnlyForDeploymentPostprocessing = 0;
		};
/* End PBXResourcesBuildPhase section */

/* Begin PBXSourcesBuildPhase section */
		FAD25A1D211A018A007B6338 /* Sources */ = {
			isa = PBXSourcesBuildPhase;
			buildActionMask = 2147483647;
			files = (
				FAD25A3E211A0BFF007B6338 /* MonTabBar.swift in Sources */,
				FAD25A3A211A0A27007B6338 /* MenuController.swift in Sources */,
				FAD25A25211A018A007B6338 /* AppDelegate.swift in Sources */,
				FAD25A41211A0C59007B6338 /* Constante.swift in Sources */,
				FAD25A3C211A0A91007B6338 /* ALaCarteController.swift in Sources */,
			);
			runOnlyForDeploymentPostprocessing = 0;
		};
/* End PBXSourcesBuildPhase section */

/* Begin PBXVariantGroup section */
		FAD25A28211A018A007B6338 /* Main.storyboard */ = {
			isa = PBXVariantGroup;
			children = (
				FAD25A29211A018A007B6338 /* Base */,
			);
			name = Main.storyboard;
			sourceTree = "<group>";
		};
		FAD25A2D211A018D007B6338 /* LaunchScreen.storyboard */ = {
			isa = PBXVariantGroup;
			children = (
				FAD25A2E211A018D007B6338 /* Base */,
			);
			name = LaunchScreen.storyboard;
			sourceTree = "<group>";
		};
/* End PBXVariantGroup section */

/* Begin XCBuildConfiguration section */
		FAD25A31211A018D007B6338 /* Debug */ = {
			isa = XCBuildConfiguration;
			buildSettings = {
				ALWAYS_SEARCH_USER_PATHS = NO;
				CLANG_ANALYZER_NONNULL = YES;
				CLANG_ANALYZER_NUMBER_OBJECT_CONVERSION = YES_AGGRESSIVE;
				CLANG_CXX_LANGUAGE_STANDARD = "gnu++14";
				CLANG_CXX_LIBRARY = "libc++";
				CLANG_ENABLE_MODULES = YES;
				CLANG_ENABLE_OBJC_ARC = YES;
				CLANG_ENABLE_OBJC_WEAK = YES;
				CLANG_WARN_BLOCK_CAPTURE_AUTORELEASING = YES;
				CLANG_WARN_BOOL_CONVERSION = YES;
				CLANG_WARN_COMMA = YES;
				CLANG_WARN_CONSTANT_CONVERSION = YES;
				CLANG_WARN_DEPRECATED_OBJC_IMPLEMENTATIONS = YES;
				CLANG_WARN_DIRECT_OBJC_ISA_USAGE = YES_ERROR;
				CLANG_WARN_DOCUMENTATION_COMMENTS = YES;
				CLANG_WARN_EMPTY_BODY = YES;
				CLANG_WARN_ENUM_CONVERSION = YES;
				CLANG_WARN_INFINITE_RECURSION = YES;
				CLANG_WARN_INT_CONVERSION = YES;
				CLANG_WARN_NON_LITERAL_NULL_CONVERSION = YES;
				CLANG_WARN_OBJC_IMPLICIT_RETAIN_SELF = YES;
				CLANG_WARN_OBJC_LITERAL_CONVERSION = YES;
				CLANG_WARN_OBJC_ROOT_CLASS = YES_ERROR;
				CLANG_WARN_RANGE_LOOP_ANALYSIS = YES;
				CLANG_WARN_STRICT_PROTOTYPES = YES;
				CLANG_WARN_SUSPICIOUS_MOVE = YES;
				CLANG_WARN_UNGUARDED_AVAILABILITY = YES_AGGRESSIVE;
				CLANG_WARN_UNREACHABLE_CODE = YES;
				CLANG_WARN__DUPLICATE_METHOD_MATCH = YES;
				CODE_SIGN_IDENTITY = "iPhone Developer";
				COPY_PHASE_STRIP = NO;
				DEBUG_INFORMATION_FORMAT = dwarf;
				ENABLE_STRICT_OBJC_MSGSEND = YES;
				ENABLE_TESTABILITY = YES;
				GCC_C_LANGUAGE_STANDARD = gnu11;
				GCC_DYNAMIC_NO_PIC = NO;
				GCC_NO_COMMON_BLOCKS = YES;
				GCC_OPTIMIZATION_LEVEL = 0;
				GCC_PREPROCESSOR_DEFINITIONS = (
					"DEBUG=1",
					"$(inherited)",
				);
				GCC_WARN_64_TO_32_BIT_CONVERSION = YES;
				GCC_WARN_ABOUT_RETURN_TYPE = YES_ERROR;
				GCC_WARN_UNDECLARED_SELECTOR = YES;
				GCC_WARN_UNINITIALIZED_AUTOS = YES_AGGRESSIVE;
				GCC_WARN_UNUSED_FUNCTION = YES;
				GCC_WARN_UNUSED_VARIABLE = YES;
				IPHONEOS_DEPLOYMENT_TARGET = 11.4;
				MTL_ENABLE_DEBUG_INFO = YES;
				ONLY_ACTIVE_ARCH = YES;
				SDKROOT = iphoneos;
				SWIFT_ACTIVE_COMPILATION_CONDITIONS = DEBUG;
				SWIFT_OPTIMIZATION_LEVEL = "-Onone";
			};
			name = Debug;
		};
		FAD25A32211A018D007B6338 /* Release */ = {
			isa = XCBuildConfiguration;
			buildSettings = {
				ALWAYS_SEARCH_USER_PATHS = NO;
				CLANG_ANALYZER_NONNULL = YES;
				CLANG_ANALYZER_NUMBER_OBJECT_CONVERSION = YES_AGGRESSIVE;
				CLANG_CXX_LANGUAGE_STANDARD = "gnu++14";
				CLANG_CXX_LIBRARY = "libc++";
				CLANG_ENABLE_MODULES = YES;
				CLANG_ENABLE_OBJC_ARC = YES;
				CLANG_ENABLE_OBJC_WEAK = YES;
				CLANG_WARN_BLOCK_CAPTURE_AUTORELEASING = YES;
				CLANG_WARN_BOOL_CONVERSION = YES;
				CLANG_WARN_COMMA = YES;
				CLANG_WARN_CONSTANT_CONVERSION = YES;
				CLANG_WARN_DEPRECATED_OBJC_IMPLEMENTATIONS = YES;
				CLANG_WARN_DIRECT_OBJC_ISA_USAGE = YES_ERROR;
				CLANG_WARN_DOCUMENTATION_COMMENTS = YES;
				CLANG_WARN_EMPTY_BODY = YES;
				CLANG_WARN_ENUM_CONVERSION = YES;
				CLANG_WARN_INFINITE_RECURSION = YES;
				CLANG_WARN_INT_CONVERSION = YES;
				CLANG_WARN_NON_LITERAL_NULL_CONVERSION = YES;
				CLANG_WARN_OBJC_IMPLICIT_RETAIN_SELF = YES;
				CLANG_WARN_OBJC_LITERAL_CONVERSION = YES;
				CLANG_WARN_OBJC_ROOT_CLASS = YES_ERROR;
				CLANG_WARN_RANGE_LOOP_ANALYSIS = YES;
				CLANG_WARN_STRICT_PROTOTYPES = YES;
				CLANG_WARN_SUSPICIOUS_MOVE = YES;
				CLANG_WARN_UNGUARDED_AVAILABILITY = YES_AGGRESSIVE;
				CLANG_WARN_UNREACHABLE_CODE = YES;
				CLANG_WARN__DUPLICATE_METHOD_MATCH = YES;
				CODE_SIGN_IDENTITY = "iPhone Developer";
				COPY_PHASE_STRIP = NO;
				DEBUG_INFORMATION_FORMAT = "dwarf-with-dsym";
				ENABLE_NS_ASSERTIONS = NO;
				ENABLE_STRICT_OBJC_MSGSEND = YES;
				GCC_C_LANGUAGE_STANDARD = gnu11;
				GCC_NO_COMMON_BLOCKS = YES;
				GCC_WARN_64_TO_32_BIT_CONVERSION = YES;
				GCC_WARN_ABOUT_RETURN_TYPE = YES_ERROR;
				GCC_WARN_UNDECLARED_SELECTOR = YES;
				GCC_WARN_UNINITIALIZED_AUTOS = YES_AGGRESSIVE;
				GCC_WARN_UNUSED_FUNCTION = YES;
				GCC_WARN_UNUSED_VARIABLE = YES;
				IPHONEOS_DEPLOYMENT_TARGET = 11.4;
				MTL_ENABLE_DEBUG_INFO = NO;
				SDKROOT = iphoneos;
				SWIFT_COMPILATION_MODE = wholemodule;
				SWIFT_OPTIMIZATION_LEVEL = "-O";
				VALIDATE_PRODUCT = YES;
			};
			name = Release;
		};
		FAD25A34211A018D007B6338 /* Debug */ = {
			isa = XCBuildConfiguration;
			buildSettings = {
				ASSETCATALOG_COMPILER_APPICON_NAME = AppIcon;
				CODE_SIGN_STYLE = Automatic;
				DEVELOPMENT_TEAM = 4YR69WXX77;
				INFOPLIST_FILE = MonRestoDuMonde/Info.plist;
				LD_RUNPATH_SEARCH_PATHS = (
					"$(inherited)",
					"@executable_path/Frameworks",
				);
				PRODUCT_BUNDLE_IDENTIFIER = "Alex-BURY.MonRestoDuMonde";
				PRODUCT_NAME = "$(TARGET_NAME)";
				SWIFT_VERSION = 4.0;
				TARGETED_DEVICE_FAMILY = "1,2";
			};
			name = Debug;
		};
		FAD25A35211A018D007B6338 /* Release */ = {
			isa = XCBuildConfiguration;
			buildSettings = {
				ASSETCATALOG_COMPILER_APPICON_NAME = AppIcon;
				CODE_SIGN_STYLE = Automatic;
				DEVELOPMENT_TEAM = 4YR69WXX77;
				INFOPLIST_FILE = MonRestoDuMonde/Info.plist;
				LD_RUNPATH_SEARCH_PATHS = (
					"$(inherited)",
					"@executable_path/Frameworks",
				);
				PRODUCT_BUNDLE_IDENTIFIER = "Alex-BURY.MonRestoDuMonde";
				PRODUCT_NAME = "$(TARGET_NAME)";
				SWIFT_VERSION = 4.0;
				TARGETED_DEVICE_FAMILY = "1,2";
			};
			name = Release;
		};
/* End XCBuildConfiguration section */

/* Begin XCConfigurationList section */
		FAD25A1C211A018A007B6338 /* Build configuration list for PBXProject "MonRestoDuMonde" */ = {
			isa = XCConfigurationList;
			buildConfigurations = (
				FAD25A31211A018D007B6338 /* Debug */,
				FAD25A32211A018D007B6338 /* Release */,
			);
			defaultConfigurationIsVisible = 0;
			defaultConfigurationName = Release;
		};
		FAD25A33211A018D007B6338 /* Build configuration list for PBXNativeTarget "MonRestoDuMonde" */ = {
			isa = XCConfigurationList;
			buildConfigurations = (
				FAD25A34211A018D007B6338 /* Debug */,
				FAD25A35211A018D007B6338 /* Release */,
			);
			defaultConfigurationIsVisible = 0;
			defaultConfigurationName = Release;
		};
/* End XCConfigurationList section */
	};
	rootObject = FAD25A19211A018A007B6338 /* Project object */;
}
